// !$*UTF8*$!
{
	archiveVersion = 1;
	classes = {
	};
	objectVersion = 50;
	objects = {

/* Begin PBXBuildFile section */
		158B02E36FD0887F695C8687 /* libPods-keybasesploit.a in Frameworks */ = {isa = PBXBuildFile; fileRef = 2216B48C9AA5BF7714F4E63A /* libPods-keybasesploit.a */; };
		85CDD81F21CAA1B10004D29E /* main.m in Sources */ = {isa = PBXBuildFile; fileRef = 85CDD81E21CAA1B10004D29E /* main.m */; };
/* End PBXBuildFile section */

/* Begin PBXCopyFilesBuildPhase section */
		85CDD81921CAA1B10004D29E /* CopyFiles */ = {
			isa = PBXCopyFilesBuildPhase;
			buildActionMask = 2147483647;
			dstPath = /usr/share/man/man1/;
			dstSubfolderSpec = 0;
			files = (
			);
			runOnlyForDeploymentPostprocessing = 1;
		};
/* End PBXCopyFilesBuildPhase section */

/* Begin PBXFileReference section */
		13527AD7ACC590EE6AA8D597 /* Pods-keybasesploit.debug.xcconfig */ = {isa = PBXFileReference; includeInIndex = 1; lastKnownFileType = text.xcconfig; name = "Pods-keybasesploit.debug.xcconfig"; path = "Pods/Target Support Files/Pods-keybasesploit/Pods-keybasesploit.debug.xcconfig"; sourceTree = "<group>"; };
		2216B48C9AA5BF7714F4E63A /* libPods-keybasesploit.a */ = {isa = PBXFileReference; explicitFileType = archive.ar; includeInIndex = 0; path = "libPods-keybasesploit.a"; sourceTree = BUILT_PRODUCTS_DIR; };
		85CDD81B21CAA1B10004D29E /* keybasesploit */ = {isa = PBXFileReference; explicitFileType = "compiled.mach-o.executable"; includeInIndex = 0; path = keybasesploit; sourceTree = BUILT_PRODUCTS_DIR; };
		85CDD81E21CAA1B10004D29E /* main.m */ = {isa = PBXFileReference; lastKnownFileType = sourcecode.c.objc; path = main.m; sourceTree = "<group>"; };
		D79D63DAC6EB072286541877 /* Pods-keybasesploit.release.xcconfig */ = {isa = PBXFileReference; includeInIndex = 1; lastKnownFileType = text.xcconfig; name = "Pods-keybasesploit.release.xcconfig"; path = "Pods/Target Support Files/Pods-keybasesploit/Pods-keybasesploit.release.xcconfig"; sourceTree = "<group>"; };
/* End PBXFileReference section */

/* Begin PBXFrameworksBuildPhase section */
		85CDD81821CAA1B10004D29E /* Frameworks */ = {
			isa = PBXFrameworksBuildPhase;
			buildActionMask = 2147483647;
			files = (
				158B02E36FD0887F695C8687 /* libPods-keybasesploit.a in Frameworks */,
			);
			runOnlyForDeploymentPostprocessing = 0;
		};
/* End PBXFrameworksBuildPhase section */

/* Begin PBXGroup section */
		11B8ADD209854CCA06A0A430 /* Pods */ = {
			isa = PBXGroup;
			children = (
				13527AD7ACC590EE6AA8D597 /* Pods-keybasesploit.debug.xcconfig */,
				D79D63DAC6EB072286541877 /* Pods-keybasesploit.release.xcconfig */,
			);
			name = Pods;
			sourceTree = "<group>";
		};
		5F8574D43C48E2ACCD2C96C1 /* Frameworks */ = {
			isa = PBXGroup;
			children = (
				2216B48C9AA5BF7714F4E63A /* libPods-keybasesploit.a */,
			);
			name = Frameworks;
			sourceTree = "<group>";
		};
		85CDD81221CAA1B10004D29E = {
			isa = PBXGroup;
			children = (
				85CDD81D21CAA1B10004D29E /* keybasesploit */,
				85CDD81C21CAA1B10004D29E /* Products */,
				11B8ADD209854CCA06A0A430 /* Pods */,
				5F8574D43C48E2ACCD2C96C1 /* Frameworks */,
			);
			sourceTree = "<group>";
		};
		85CDD81C21CAA1B10004D29E /* Products */ = {
			isa = PBXGroup;
			children = (
				85CDD81B21CAA1B10004D29E /* keybasesploit */,
			);
			name = Products;
			sourceTree = "<group>";
		};
		85CDD81D21CAA1B10004D29E /* keybasesploit */ = {
			isa = PBXGroup;
			children = (
				85CDD81E21CAA1B10004D29E /* main.m */,
			);
			path = keybasesploit;
			sourceTree = "<group>";
		};
/* End PBXGroup section */

/* Begin PBXNativeTarget section */
		85CDD81A21CAA1B10004D29E /* keybasesploit */ = {
			isa = PBXNativeTarget;
			buildConfigurationList = 85CDD82221CAA1B10004D29E /* Build configuration list for PBXNativeTarget "keybasesploit" */;
			buildPhases = (
				71DB07A5C5779FA9C647EC2C /* [CP] Check Pods Manifest.lock */,
				85CDD81721CAA1B10004D29E /* Sources */,
				85CDD81821CAA1B10004D29E /* Frameworks */,
				85CDD81921CAA1B10004D29E /* CopyFiles */,
			);
			buildRules = (
			);
			dependencies = (
			);
			name = keybasesploit;
			productName = keybasesploit;
			productReference = 85CDD81B21CAA1B10004D29E /* keybasesploit */;
			productType = "com.apple.product-type.tool";
		};
/* End PBXNativeTarget section */

/* Begin PBXProject section */
		85CDD81321CAA1B10004D29E /* Project object */ = {
			isa = PBXProject;
			attributes = {
				LastUpgradeCheck = 1000;
				ORGANIZATIONNAME = niklasb;
				TargetAttributes = {
					85CDD81A21CAA1B10004D29E = {
						CreatedOnToolsVersion = 10.0;
					};
				};
			};
			buildConfigurationList = 85CDD81621CAA1B10004D29E /* Build configuration list for PBXProject "keybasesploit" */;
			compatibilityVersion = "Xcode 9.3";
			developmentRegion = en;
			hasScannedForEncodings = 0;
			knownRegions = (
				en,
			);
			mainGroup = 85CDD81221CAA1B10004D29E;
			productRefGroup = 85CDD81C21CAA1B10004D29E /* Products */;
			projectDirPath = "";
			projectRoot = "";
			targets = (
				85CDD81A21CAA1B10004D29E /* keybasesploit */,
			);
		};
/* End PBXProject section */

/* Begin PBXShellScriptBuildPhase section */
		71DB07A5C5779FA9C647EC2C /* [CP] Check Pods Manifest.lock */ = {
			isa = PBXShellScriptBuildPhase;
			buildActionMask = 2147483647;
			files = (
			);
			inputFileListPaths = (
			);
			inputPaths = (
				"${PODS_PODFILE_DIR_PATH}/Podfile.lock",
				"${PODS_ROOT}/Manifest.lock",
			);
			name = "[CP] Check Pods Manifest.lock";
			outputFileListPaths = (
			);
			outputPaths = (
				"$(DERIVED_FILE_DIR)/Pods-keybasesploit-checkManifestLockResult.txt",
			);
			runOnlyForDeploymentPostprocessing = 0;
			shellPath = /bin/sh;
			shellScript = "diff \"${PODS_PODFILE_DIR_PATH}/Podfile.lock\" \"${PODS_ROOT}/Manifest.lock\" > /dev/null\nif [ $? != 0 ] ; then\n    # print error to STDERR\n    echo \"error: The sandbox is not in sync with the Podfile.lock. Run 'pod install' or update your CocoaPods installation.\" >&2\n    exit 1\nfi\n# This output is used by Xcode 'outputs' to avoid re-running this script phase.\necho \"SUCCESS\" > \"${SCRIPT_OUTPUT_FILE_0}\"\n";
			showEnvVarsInLog = 0;
		};
/* End PBXShellScriptBuildPhase section */

/* Begin PBXSourcesBuildPhase section */
		85CDD81721CAA1B10004D29E /* Sources */ = {
			isa = PBXSourcesBuildPhase;
			buildActionMask = 2147483647;
			files = (
				85CDD81F21CAA1B10004D29E /* main.m in Sources */,
			);
			runOnlyForDeploymentPostprocessing = 0;
		};
/* End PBXSourcesBuildPhase section */

/* Begin XCBuildConfiguration section */
		85CDD82021CAA1B10004D29E /* Debug */ = {
			isa = XCBuildConfiguration;
			buildSettings = {
				ALWAYS_SEARCH_USER_PATHS = NO;
				CLANG_ANALYZER_NONNULL = YES;
				CLANG_ANALYZER_NUMBER_OBJECT_CONVERSION = YES_AGGRESSIVE;
				CLANG_CXX_LANGUAGE_STANDARD = "gnu++14";
				CLANG_CXX_LIBRARY = "libc++";
				CLANG_ENABLE_MODULES = YES;
				CLANG_ENABLE_OBJC_ARC = YES;
				CLANG_ENABLE_OBJC_WEAK = YES;
				CLANG_WARN_BLOCK_CAPTURE_AUTORELEASING = YES;
				CLANG_WARN_BOOL_CONVERSION = YES;
				CLANG_WARN_COMMA = YES;
				CLANG_WARN_CONSTANT_CONVERSION = YES;
				CLANG_WARN_DEPRECATED_OBJC_IMPLEMENTATIONS = YES;
				CLANG_WARN_DIRECT_OBJC_ISA_USAGE = YES_ERROR;
				CLANG_WARN_DOCUMENTATION_COMMENTS = YES;
				CLANG_WARN_EMPTY_BODY = YES;
				CLANG_WARN_ENUM_CONVERSION = YES;
				CLANG_WARN_INFINITE_RECURSION = YES;
				CLANG_WARN_INT_CONVERSION = YES;
				CLANG_WARN_NON_LITERAL_NULL_CONVERSION = YES;
				CLANG_WARN_OBJC_IMPLICIT_RETAIN_SELF = YES;
				CLANG_WARN_OBJC_LITERAL_CONVERSION = YES;
				CLANG_WARN_OBJC_ROOT_CLASS = YES_ERROR;
				CLANG_WARN_RANGE_LOOP_ANALYSIS = YES;
				CLANG_WARN_STRICT_PROTOTYPES = YES;
				CLANG_WARN_SUSPICIOUS_MOVE = YES;
				CLANG_WARN_UNGUARDED_AVAILABILITY = YES_AGGRESSIVE;
				CLANG_WARN_UNREACHABLE_CODE = YES;
				CLANG_WARN__DUPLICATE_METHOD_MATCH = YES;
				CODE_SIGN_IDENTITY = "Mac Developer";
				COPY_PHASE_STRIP = NO;
				DEBUG_INFORMATION_FORMAT = dwarf;
				ENABLE_STRICT_OBJC_MSGSEND = YES;
				ENABLE_TESTABILITY = YES;
				GCC_C_LANGUAGE_STANDARD = gnu11;
				GCC_DYNAMIC_NO_PIC = NO;
				GCC_NO_COMMON_BLOCKS = YES;
				GCC_OPTIMIZATION_LEVEL = 0;
				GCC_PREPROCESSOR_DEFINITIONS = (
					"DEBUG=1",
					"$(inherited)",
				);
				GCC_WARN_64_TO_32_BIT_CONVERSION = YES;
				GCC_WARN_ABOUT_RETURN_TYPE = YES_ERROR;
				GCC_WARN_UNDECLARED_SELECTOR = YES;
				GCC_WARN_UNINITIALIZED_AUTOS = YES_AGGRESSIVE;
				GCC_WARN_UNUSED_FUNCTION = YES;
				GCC_WARN_UNUSED_VARIABLE = YES;
				MACOSX_DEPLOYMENT_TARGET = 10.14;
				MTL_ENABLE_DEBUG_INFO = INCLUDE_SOURCE;
				MTL_FAST_MATH = YES;
				ONLY_ACTIVE_ARCH = YES;
				SDKROOT = macosx;
			};
			name = Debug;
		};
		85CDD82121CAA1B10004D29E /* Release */ = {
			isa = XCBuildConfiguration;
			buildSettings = {
				ALWAYS_SEARCH_USER_PATHS = NO;
				CLANG_ANALYZER_NONNULL = YES;
				CLANG_ANALYZER_NUMBER_OBJECT_CONVERSION = YES_AGGRESSIVE;
				CLANG_CXX_LANGUAGE_STANDARD = "gnu++14";
				CLANG_CXX_LIBRARY = "libc++";
				CLANG_ENABLE_MODULES = YES;
				CLANG_ENABLE_OBJC_ARC = YES;
				CLANG_ENABLE_OBJC_WEAK = YES;
				CLANG_WARN_BLOCK_CAPTURE_AUTORELEASING = YES;
				CLANG_WARN_BOOL_CONVERSION = YES;
				CLANG_WARN_COMMA = YES;
				CLANG_WARN_CONSTANT_CONVERSION = YES;
				CLANG_WARN_DEPRECATED_OBJC_IMPLEMENTATIONS = YES;
				CLANG_WARN_DIRECT_OBJC_ISA_USAGE = YES_ERROR;
				CLANG_WARN_DOCUMENTATION_COMMENTS = YES;
				CLANG_WARN_EMPTY_BODY = YES;
				CLANG_WARN_ENUM_CONVERSION = YES;
				CLANG_WARN_INFINITE_RECURSION = YES;
				CLANG_WARN_INT_CONVERSION = YES;
				CLANG_WARN_NON_LITERAL_NULL_CONVERSION = YES;
				CLANG_WARN_OBJC_IMPLICIT_RETAIN_SELF = YES;
				CLANG_WARN_OBJC_LITERAL_CONVERSION = YES;
				CLANG_WARN_OBJC_ROOT_CLASS = YES_ERROR;
				CLANG_WARN_RANGE_LOOP_ANALYSIS = YES;
				CLANG_WARN_STRICT_PROTOTYPES = YES;
				CLANG_WARN_SUSPICIOUS_MOVE = YES;
				CLANG_WARN_UNGUARDED_AVAILABILITY = YES_AGGRESSIVE;
				CLANG_WARN_UNREACHABLE_CODE = YES;
				CLANG_WARN__DUPLICATE_METHOD_MATCH = YES;
				CODE_SIGN_IDENTITY = "Mac Developer";
				COPY_PHASE_STRIP = NO;
				DEBUG_INFORMATION_FORMAT = "dwarf-with-dsym";
				ENABLE_NS_ASSERTIONS = NO;
				ENABLE_STRICT_OBJC_MSGSEND = YES;
				GCC_C_LANGUAGE_STANDARD = gnu11;
				GCC_NO_COMMON_BLOCKS = YES;
				GCC_WARN_64_TO_32_BIT_CONVERSION = YES;
				GCC_WARN_ABOUT_RETURN_TYPE = YES_ERROR;
				GCC_WARN_UNDECLARED_SELECTOR = YES;
				GCC_WARN_UNINITIALIZED_AUTOS = YES_AGGRESSIVE;
				GCC_WARN_UNUSED_FUNCTION = YES;
				GCC_WARN_UNUSED_VARIABLE = YES;
				MACOSX_DEPLOYMENT_TARGET = 10.14;
				MTL_ENABLE_DEBUG_INFO = NO;
				MTL_FAST_MATH = YES;
				SDKROOT = macosx;
			};
			name = Release;
		};
		85CDD82321CAA1B10004D29E /* Debug */ = {
			isa = XCBuildConfiguration;
			baseConfigurationReference = 13527AD7ACC590EE6AA8D597 /* Pods-keybasesploit.debug.xcconfig */;
			buildSettings = {
				CODE_SIGN_IDENTITY = "Mac Developer";
				CODE_SIGN_STYLE = Automatic;
				DEVELOPMENT_TEAM = JMSTB95L2B;
				PRODUCT_NAME = "$(TARGET_NAME)";
				PROVISIONING_PROFILE_SPECIFIER = "";
			};
			name = Debug;
		};
		85CDD82421CAA1B10004D29E /* Release */ = {
			isa = XCBuildConfiguration;
			baseConfigurationReference = D79D63DAC6EB072286541877 /* Pods-keybasesploit.release.xcconfig */;
			buildSettings = {
				CODE_SIGN_IDENTITY = "Mac Developer";
				CODE_SIGN_STYLE = Automatic;
				DEVELOPMENT_TEAM = JMSTB95L2B;
				PRODUCT_NAME = "$(TARGET_NAME)";
				PROVISIONING_PROFILE_SPECIFIER = "";
			};
			name = Release;
		};
/* End XCBuildConfiguration section */

/* Begin XCConfigurationList section */
		85CDD81621CAA1B10004D29E /* Build configuration list for PBXProject "keybasesploit" */ = {
			isa = XCConfigurationList;
			buildConfigurations = (
				85CDD82021CAA1B10004D29E /* Debug */,
				85CDD82121CAA1B10004D29E /* Release */,
			);
			defaultConfigurationIsVisible = 0;
			defaultConfigurationName = Release;
		};
		85CDD82221CAA1B10004D29E /* Build configuration list for PBXNativeTarget "keybasesploit" */ = {
			isa = XCConfigurationList;
			buildConfigurations = (
				85CDD82321CAA1B10004D29E /* Debug */,
				85CDD82421CAA1B10004D29E /* Release */,
			);
			defaultConfigurationIsVisible = 0;
			defaultConfigurationName = Release;
		};
/* End XCConfigurationList section */
	};
	rootObject = 85CDD81321CAA1B10004D29E /* Project object */;
}
